# THIS IS AN AUTOGENERATED FILE. DO NOT EDIT THIS FILE DIRECTLY.
# yarn lockfile v1


"@types/dotenv@^8.2.3":
  version "8.2.3"
  resolved "https://registry.yarnpkg.com/@types/dotenv/-/dotenv-8.2.3.tgz#c97b3c5b2e97ff3873793a000999e86cd66ff354"
  integrity sha512-g2FXjlDX/cYuc5CiQvyU/6kkbP1JtmGzh0obW50zD7OKeILVL0NSpPWLXVfqoAGQjom2/SLLx9zHq0KXvD6mbw==
  dependencies:
    dotenv "*"

dotenv@*, dotenv@^16.4.7:
  version "16.4.7"
  resolved "https://registry.yarnpkg.com/dotenv/-/dotenv-16.4.7.tgz#0e20c5b82950140aa99be360a8a5f52335f53c26"
  integrity sha512-47qPchRCykZC03FhkYAhrvwU4xDBFIj1QPqaarj6mdM/hgUzfPHcpkHJOn3mJAufFeeAxAzeGsr5X0M4k6fLZQ==

typescript@^4.7.4:
  version "4.9.5"
  resolved "https://registry.yarnpkg.com/typescript/-/typescript-4.9.5.tgz#095979f9bcc0d09da324d58d03ce8f8374cbe65a"
  integrity sha512-1FXk9E2Hm+QzZQ7z+McJiHL4NW1F2EzMu9Nq9i3zAaGqibafqYwCVU6WyWAuyQRRzOlxou8xZSyXLEN8oKj24g==
